// !$*UTF8*$!
{
	archiveVersion = 1;
	classes = {
	};
	objectVersion = 50;
	objects = {

/* Begin PBXBuildFile section */
		49196C93216DB2AB00F8A8BD /* AppDelegate.swift in Sources */ = {isa = PBXBuildFile; fileRef = 49196C92216DB2AB00F8A8BD /* AppDelegate.swift */; };
		49196C95216DB2AB00F8A8BD /* ViewController.swift in Sources */ = {isa = PBXBuildFile; fileRef = 49196C94216DB2AB00F8A8BD /* ViewController.swift */; };
		49196C98216DB2AB00F8A8BD /* Main.storyboard in Resources */ = {isa = PBXBuildFile; fileRef = 49196C96216DB2AB00F8A8BD /* Main.storyboard */; };
		49196C9A216DB2AC00F8A8BD /* Assets.xcassets in Resources */ = {isa = PBXBuildFile; fileRef = 49196C99216DB2AC00F8A8BD /* Assets.xcassets */; };
		49196C9D216DB2AC00F8A8BD /* LaunchScreen.storyboard in Resources */ = {isa = PBXBuildFile; fileRef = 49196C9B216DB2AC00F8A8BD /* LaunchScreen.storyboard */; };
		49196CA8216DB2AC00F8A8BD /* cacculatorTests.swift in Sources */ = {isa = PBXBuildFile; fileRef = 49196CA7216DB2AC00F8A8BD /* cacculatorTests.swift */; };
		49196CB3216DB2AC00F8A8BD /* cacculatorUITests.swift in Sources */ = {isa = PBXBuildFile; fileRef = 49196CB2216DB2AC00F8A8BD /* cacculatorUITests.swift */; };
/* End PBXBuildFile section */

/* Begin PBXContainerItemProxy section */
		49196CA4216DB2AC00F8A8BD /* PBXContainerItemProxy */ = {
			isa = PBXContainerItemProxy;
			containerPortal = 49196C87216DB2AB00F8A8BD /* Project object */;
			proxyType = 1;
			remoteGlobalIDString = 49196C8E216DB2AB00F8A8BD;
			remoteInfo = cacculator;
		};
		49196CAF216DB2AC00F8A8BD /* PBXContainerItemProxy */ = {
			isa = PBXContainerItemProxy;
			containerPortal = 49196C87216DB2AB00F8A8BD /* Project object */;
			proxyType = 1;
			remoteGlobalIDString = 49196C8E216DB2AB00F8A8BD;
			remoteInfo = cacculator;
		};
/* End PBXContainerItemProxy section */

/* Begin PBXFileReference section */
		49196C8F216DB2AB00F8A8BD /* cacculator.app */ = {isa = PBXFileReference; explicitFileType = wrapper.application; includeInIndex = 0; path = cacculator.app; sourceTree = BUILT_PRODUCTS_DIR; };
		49196C92216DB2AB00F8A8BD /* AppDelegate.swift */ = {isa = PBXFileReference; lastKnownFileType = sourcecode.swift; path = AppDelegate.swift; sourceTree = "<group>"; };
		49196C94216DB2AB00F8A8BD /* ViewController.swift */ = {isa = PBXFileReference; lastKnownFileType = sourcecode.swift; path = ViewController.swift; sourceTree = "<group>"; };
		49196C97216DB2AB00F8A8BD /* Base */ = {isa = PBXFileReference; lastKnownFileType = file.storyboard; name = Base; path = Base.lproj/Main.storyboard; sourceTree = "<group>"; };
		49196C99216DB2AC00F8A8BD /* Assets.xcassets */ = {isa = PBXFileReference; lastKnownFileType = folder.assetcatalog; path = Assets.xcassets; sourceTree = "<group>"; };
		49196C9C216DB2AC00F8A8BD /* Base */ = {isa = PBXFileReference; lastKnownFileType = file.storyboard; name = Base; path = Base.lproj/LaunchScreen.storyboard; sourceTree = "<group>"; };
		49196C9E216DB2AC00F8A8BD /* Info.plist */ = {isa = PBXFileReference; lastKnownFileType = text.plist.xml; path = Info.plist; sourceTree = "<group>"; };
		49196CA3216DB2AC00F8A8BD /* cacculatorTests.xctest */ = {isa = PBXFileReference; explicitFileType = wrapper.cfbundle; includeInIndex = 0; path = cacculatorTests.xctest; sourceTree = BUILT_PRODUCTS_DIR; };
		49196CA7216DB2AC00F8A8BD /* cacculatorTests.swift */ = {isa = PBXFileReference; lastKnownFileType = sourcecode.swift; path = cacculatorTests.swift; sourceTree = "<group>"; };
		49196CA9216DB2AC00F8A8BD /* Info.plist */ = {isa = PBXFileReference; lastKnownFileType = text.plist.xml; path = Info.plist; sourceTree = "<group>"; };
		49196CAE216DB2AC00F8A8BD /* cacculatorUITests.xctest */ = {isa = PBXFileReference; explicitFileType = wrapper.cfbundle; includeInIndex = 0; path = cacculatorUITests.xctest; sourceTree = BUILT_PRODUCTS_DIR; };
		49196CB2216DB2AC00F8A8BD /* cacculatorUITests.swift */ = {isa = PBXFileReference; lastKnownFileType = sourcecode.swift; path = cacculatorUITests.swift; sourceTree = "<group>"; };
		49196CB4216DB2AC00F8A8BD /* Info.plist */ = {isa = PBXFileReference; lastKnownFileType = text.plist.xml; path = Info.plist; sourceTree = "<group>"; };
/* End PBXFileReference section */

/* Begin PBXFrameworksBuildPhase section */
		49196C8C216DB2AB00F8A8BD /* Frameworks */ = {
			isa = PBXFrameworksBuildPhase;
			buildActionMask = 2147483647;
			files = (
			);
			runOnlyForDeploymentPostprocessing = 0;
		};
		49196CA0216DB2AC00F8A8BD /* Frameworks */ = {
			isa = PBXFrameworksBuildPhase;
			buildActionMask = 2147483647;
			files = (
			);
			runOnlyForDeploymentPostprocessing = 0;
		};
		49196CAB216DB2AC00F8A8BD /* Frameworks */ = {
			isa = PBXFrameworksBuildPhase;
			buildActionMask = 2147483647;
			files = (
			);
			runOnlyForDeploymentPostprocessing = 0;
		};
/* End PBXFrameworksBuildPhase section */

/* Begin PBXGroup section */
		49196C86216DB2AB00F8A8BD = {
			isa = PBXGroup;
			children = (
				49196C91216DB2AB00F8A8BD /* cacculator */,
				49196CA6216DB2AC00F8A8BD /* cacculatorTests */,
				49196CB1216DB2AC00F8A8BD /* cacculatorUITests */,
				49196C90216DB2AB00F8A8BD /* Products */,
			);
			sourceTree = "<group>";
		};
		49196C90216DB2AB00F8A8BD /* Products */ = {
			isa = PBXGroup;
			children = (
				49196C8F216DB2AB00F8A8BD /* cacculator.app */,
				49196CA3216DB2AC00F8A8BD /* cacculatorTests.xctest */,
				49196CAE216DB2AC00F8A8BD /* cacculatorUITests.xctest */,
			);
			name = Products;
			sourceTree = "<group>";
		};
		49196C91216DB2AB00F8A8BD /* cacculator */ = {
			isa = PBXGroup;
			children = (
				49196C92216DB2AB00F8A8BD /* AppDelegate.swift */,
				49196C94216DB2AB00F8A8BD /* ViewController.swift */,
				49196C96216DB2AB00F8A8BD /* Main.storyboard */,
				49196C99216DB2AC00F8A8BD /* Assets.xcassets */,
				49196C9B216DB2AC00F8A8BD /* LaunchScreen.storyboard */,
				49196C9E216DB2AC00F8A8BD /* Info.plist */,
			);
			path = cacculator;
			sourceTree = "<group>";
		};
		49196CA6216DB2AC00F8A8BD /* cacculatorTests */ = {
			isa = PBXGroup;
			children = (
				49196CA7216DB2AC00F8A8BD /* cacculatorTests.swift */,
				49196CA9216DB2AC00F8A8BD /* Info.plist */,
			);
			path = cacculatorTests;
			sourceTree = "<group>";
		};
		49196CB1216DB2AC00F8A8BD /* cacculatorUITests */ = {
			isa = PBXGroup;
			children = (
				49196CB2216DB2AC00F8A8BD /* cacculatorUITests.swift */,
				49196CB4216DB2AC00F8A8BD /* Info.plist */,
			);
			path = cacculatorUITests;
			sourceTree = "<group>";
		};
/* End PBXGroup section */

/* Begin PBXNativeTarget section */
		49196C8E216DB2AB00F8A8BD /* cacculator */ = {
			isa = PBXNativeTarget;
			buildConfigurationList = 49196CB7216DB2AD00F8A8BD /* Build configuration list for PBXNativeTarget "cacculator" */;
			buildPhases = (
				49196C8B216DB2AB00F8A8BD /* Sources */,
				49196C8C216DB2AB00F8A8BD /* Frameworks */,
				49196C8D216DB2AB00F8A8BD /* Resources */,
			);
			buildRules = (
			);
			dependencies = (
			);
			name = cacculator;
			productName = cacculator;
			productReference = 49196C8F216DB2AB00F8A8BD /* cacculator.app */;
			productType = "com.apple.product-type.application";
		};
		49196CA2216DB2AC00F8A8BD /* cacculatorTests */ = {
			isa = PBXNativeTarget;
			buildConfigurationList = 49196CBA216DB2AD00F8A8BD /* Build configuration list for PBXNativeTarget "cacculatorTests" */;
			buildPhases = (
				49196C9F216DB2AC00F8A8BD /* Sources */,
				49196CA0216DB2AC00F8A8BD /* Frameworks */,
				49196CA1216DB2AC00F8A8BD /* Resources */,
			);
			buildRules = (
			);
			dependencies = (
				49196CA5216DB2AC00F8A8BD /* PBXTargetDependency */,
			);
			name = cacculatorTests;
			productName = cacculatorTests;
			productReference = 49196CA3216DB2AC00F8A8BD /* cacculatorTests.xctest */;
			productType = "com.apple.product-type.bundle.unit-test";
		};
		49196CAD216DB2AC00F8A8BD /* cacculatorUITests */ = {
			isa = PBXNativeTarget;
			buildConfigurationList = 49196CBD216DB2AD00F8A8BD /* Build configuration list for PBXNativeTarget "cacculatorUITests" */;
			buildPhases = (
				49196CAA216DB2AC00F8A8BD /* Sources */,
				49196CAB216DB2AC00F8A8BD /* Frameworks */,
				49196CAC216DB2AC00F8A8BD /* Resources */,
			);
			buildRules = (
			);
			dependencies = (
				49196CB0216DB2AC00F8A8BD /* PBXTargetDependency */,
			);
			name = cacculatorUITests;
			productName = cacculatorUITests;
			productReference = 49196CAE216DB2AC00F8A8BD /* cacculatorUITests.xctest */;
			productType = "com.apple.product-type.bundle.ui-testing";
		};
/* End PBXNativeTarget section */

/* Begin PBXProject section */
		49196C87216DB2AB00F8A8BD /* Project object */ = {
			isa = PBXProject;
			attributes = {
				LastSwiftUpdateCheck = 0940;
				LastUpgradeCheck = 0940;
				ORGANIZATIONNAME = habdev;
				TargetAttributes = {
					49196C8E216DB2AB00F8A8BD = {
						CreatedOnToolsVersion = 9.4;
					};
					49196CA2216DB2AC00F8A8BD = {
						CreatedOnToolsVersion = 9.4;
						TestTargetID = 49196C8E216DB2AB00F8A8BD;
					};
					49196CAD216DB2AC00F8A8BD = {
						CreatedOnToolsVersion = 9.4;
						TestTargetID = 49196C8E216DB2AB00F8A8BD;
					};
				};
			};
			buildConfigurationList = 49196C8A216DB2AB00F8A8BD /* Build configuration list for PBXProject "cacculator" */;
			compatibilityVersion = "Xcode 9.3";
			developmentRegion = en;
			hasScannedForEncodings = 0;
			knownRegions = (
				en,
				Base,
			);
			mainGroup = 49196C86216DB2AB00F8A8BD;
			productRefGroup = 49196C90216DB2AB00F8A8BD /* Products */;
			projectDirPath = "";
			projectRoot = "";
			targets = (
				49196C8E216DB2AB00F8A8BD /* cacculator */,
				49196CA2216DB2AC00F8A8BD /* cacculatorTests */,
				49196CAD216DB2AC00F8A8BD /* cacculatorUITests */,
			);
		};
/* End PBXProject section */

/* Begin PBXResourcesBuildPhase section */
		49196C8D216DB2AB00F8A8BD /* Resources */ = {
			isa = PBXResourcesBuildPhase;
			buildActionMask = 2147483647;
			files = (
				49196C9D216DB2AC00F8A8BD /* LaunchScreen.storyboard in Resources */,
				49196C9A216DB2AC00F8A8BD /* Assets.xcassets in Resources */,
				49196C98216DB2AB00F8A8BD /* Main.storyboard in Resources */,
			);
			runOnlyForDeploymentPostprocessing = 0;
		};
		49196CA1216DB2AC00F8A8BD /* Resources */ = {
			isa = PBXResourcesBuildPhase;
			buildActionMask = 2147483647;
			files = (
			);
			runOnlyForDeploymentPostprocessing = 0;
		};
		49196CAC216DB2AC00F8A8BD /* Resources */ = {
			isa = PBXResourcesBuildPhase;
			buildActionMask = 2147483647;
			files = (
			);
			runOnlyForDeploymentPostprocessing = 0;
		};
/* End PBXResourcesBuildPhase section */

/* Begin PBXSourcesBuildPhase section */
		49196C8B216DB2AB00F8A8BD /* Sources */ = {
			isa = PBXSourcesBuildPhase;
			buildActionMask = 2147483647;
			files = (
				49196C95216DB2AB00F8A8BD /* ViewController.swift in Sources */,
				49196C93216DB2AB00F8A8BD /* AppDelegate.swift in Sources */,
			);
			runOnlyForDeploymentPostprocessing = 0;
		};
		49196C9F216DB2AC00F8A8BD /* Sources */ = {
			isa = PBXSourcesBuildPhase;
			buildActionMask = 2147483647;
			files = (
				49196CA8216DB2AC00F8A8BD /* cacculatorTests.swift in Sources */,
			);
			runOnlyForDeploymentPostprocessing = 0;
		};
		49196CAA216DB2AC00F8A8BD /* Sources */ = {
			isa = PBXSourcesBuildPhase;
			buildActionMask = 2147483647;
			files = (
				49196CB3216DB2AC00F8A8BD /* cacculatorUITests.swift in Sources */,
			);
			runOnlyForDeploymentPostprocessing = 0;
		};
/* End PBXSourcesBuildPhase section */

/* Begin PBXTargetDependency section */
		49196CA5216DB2AC00F8A8BD /* PBXTargetDependency */ = {
			isa = PBXTargetDependency;
			target = 49196C8E216DB2AB00F8A8BD /* cacculator */;
			targetProxy = 49196CA4216DB2AC00F8A8BD /* PBXContainerItemProxy */;
		};
		49196CB0216DB2AC00F8A8BD /* PBXTargetDependency */ = {
			isa = PBXTargetDependency;
			target = 49196C8E216DB2AB00F8A8BD /* cacculator */;
			targetProxy = 49196CAF216DB2AC00F8A8BD /* PBXContainerItemProxy */;
		};
/* End PBXTargetDependency section */

/* Begin PBXVariantGroup section */
		49196C96216DB2AB00F8A8BD /* Main.storyboard */ = {
			isa = PBXVariantGroup;
			children = (
				49196C97216DB2AB00F8A8BD /* Base */,
			);
			name = Main.storyboard;
			sourceTree = "<group>";
		};
		49196C9B216DB2AC00F8A8BD /* LaunchScreen.storyboard */ = {
			isa = PBXVariantGroup;
			children = (
				49196C9C216DB2AC00F8A8BD /* Base */,
			);
			name = LaunchScreen.storyboard;
			sourceTree = "<group>";
		};
/* End PBXVariantGroup section */

/* Begin XCBuildConfiguration section */
		49196CB5216DB2AD00F8A8BD /* Debug */ = {
			isa = XCBuildConfiguration;
			buildSettings = {
				ALWAYS_SEARCH_USER_PATHS = NO;
				CLANG_ANALYZER_NONNULL = YES;
				CLANG_ANALYZER_NUMBER_OBJECT_CONVERSION = YES_AGGRESSIVE;
				CLANG_CXX_LANGUAGE_STANDARD = "gnu++14";
				CLANG_CXX_LIBRARY = "libc++";
				CLANG_ENABLE_MODULES = YES;
				CLANG_ENABLE_OBJC_ARC = YES;
				CLANG_ENABLE_OBJC_WEAK = YES;
				CLANG_WARN_BLOCK_CAPTURE_AUTORELEASING = YES;
				CLANG_WARN_BOOL_CONVERSION = YES;
				CLANG_WARN_COMMA = YES;
				CLANG_WARN_CONSTANT_CONVERSION = YES;
				CLANG_WARN_DEPRECATED_OBJC_IMPLEMENTATIONS = YES;
				CLANG_WARN_DIRECT_OBJC_ISA_USAGE = YES_ERROR;
				CLANG_WARN_DOCUMENTATION_COMMENTS = YES;
				CLANG_WARN_EMPTY_BODY = YES;
				CLANG_WARN_ENUM_CONVERSION = YES;
				CLANG_WARN_INFINITE_RECURSION = YES;
				CLANG_WARN_INT_CONVERSION = YES;
				CLANG_WARN_NON_LITERAL_NULL_CONVERSION = YES;
				CLANG_WARN_OBJC_IMPLICIT_RETAIN_SELF = YES;
				CLANG_WARN_OBJC_LITERAL_CONVERSION = YES;
				CLANG_WARN_OBJC_ROOT_CLASS = YES_ERROR;
				CLANG_WARN_RANGE_LOOP_ANALYSIS = YES;
				CLANG_WARN_STRICT_PROTOTYPES = YES;
				CLANG_WARN_SUSPICIOUS_MOVE = YES;
				CLANG_WARN_UNGUARDED_AVAILABILITY = YES_AGGRESSIVE;
				CLANG_WARN_UNREACHABLE_CODE = YES;
				CLANG_WARN__DUPLICATE_METHOD_MATCH = YES;
				CODE_SIGN_IDENTITY = "iPhone Developer";
				COPY_PHASE_STRIP = NO;
				DEBUG_INFORMATION_FORMAT = dwarf;
				ENABLE_STRICT_OBJC_MSGSEND = YES;
				ENABLE_TESTABILITY = YES;
				GCC_C_LANGUAGE_STANDARD = gnu11;
				GCC_DYNAMIC_NO_PIC = NO;
				GCC_NO_COMMON_BLOCKS = YES;
				GCC_OPTIMIZATION_LEVEL = 0;
				GCC_PREPROCESSOR_DEFINITIONS = (
					"DEBUG=1",
					"$(inherited)",
				);
				GCC_WARN_64_TO_32_BIT_CONVERSION = YES;
				GCC_WARN_ABOUT_RETURN_TYPE = YES_ERROR;
				GCC_WARN_UNDECLARED_SELECTOR = YES;
				GCC_WARN_UNINITIALIZED_AUTOS = YES_AGGRESSIVE;
				GCC_WARN_UNUSED_FUNCTION = YES;
				GCC_WARN_UNUSED_VARIABLE = YES;
				IPHONEOS_DEPLOYMENT_TARGET = 11.4;
				MTL_ENABLE_DEBUG_INFO = YES;
				ONLY_ACTIVE_ARCH = YES;
				SDKROOT = iphoneos;
				SWIFT_ACTIVE_COMPILATION_CONDITIONS = DEBUG;
				SWIFT_OPTIMIZATION_LEVEL = "-Onone";
			};
			name = Debug;
		};
		49196CB6216DB2AD00F8A8BD /* Release */ = {
			isa = XCBuildConfiguration;
			buildSettings = {
				ALWAYS_SEARCH_USER_PATHS = NO;
				CLANG_ANALYZER_NONNULL = YES;
				CLANG_ANALYZER_NUMBER_OBJECT_CONVERSION = YES_AGGRESSIVE;
				CLANG_CXX_LANGUAGE_STANDARD = "gnu++14";
				CLANG_CXX_LIBRARY = "libc++";
				CLANG_ENABLE_MODULES = YES;
				CLANG_ENABLE_OBJC_ARC = YES;
				CLANG_ENABLE_OBJC_WEAK = YES;
				CLANG_WARN_BLOCK_CAPTURE_AUTORELEASING = YES;
				CLANG_WARN_BOOL_CONVERSION = YES;
				CLANG_WARN_COMMA = YES;
				CLANG_WARN_CONSTANT_CONVERSION = YES;
				CLANG_WARN_DEPRECATED_OBJC_IMPLEMENTATIONS = YES;
				CLANG_WARN_DIRECT_OBJC_ISA_USAGE = YES_ERROR;
				CLANG_WARN_DOCUMENTATION_COMMENTS = YES;
				CLANG_WARN_EMPTY_BODY = YES;
				CLANG_WARN_ENUM_CONVERSION = YES;
				CLANG_WARN_INFINITE_RECURSION = YES;
				CLANG_WARN_INT_CONVERSION = YES;
				CLANG_WARN_NON_LITERAL_NULL_CONVERSION = YES;
				CLANG_WARN_OBJC_IMPLICIT_RETAIN_SELF = YES;
				CLANG_WARN_OBJC_LITERAL_CONVERSION = YES;
				CLANG_WARN_OBJC_ROOT_CLASS = YES_ERROR;
				CLANG_WARN_RANGE_LOOP_ANALYSIS = YES;
				CLANG_WARN_STRICT_PROTOTYPES = YES;
				CLANG_WARN_SUSPICIOUS_MOVE = YES;
				CLANG_WARN_UNGUARDED_AVAILABILITY = YES_AGGRESSIVE;
				CLANG_WARN_UNREACHABLE_CODE = YES;
				CLANG_WARN__DUPLICATE_METHOD_MATCH = YES;
				CODE_SIGN_IDENTITY = "iPhone Developer";
				COPY_PHASE_STRIP = NO;
				DEBUG_INFORMATION_FORMAT = "dwarf-with-dsym";
				ENABLE_NS_ASSERTIONS = NO;
				ENABLE_STRICT_OBJC_MSGSEND = YES;
				GCC_C_LANGUAGE_STANDARD = gnu11;
				GCC_NO_COMMON_BLOCKS = YES;
				GCC_WARN_64_TO_32_BIT_CONVERSION = YES;
				GCC_WARN_ABOUT_RETURN_TYPE = YES_ERROR;
				GCC_WARN_UNDECLARED_SELECTOR = YES;
				GCC_WARN_UNINITIALIZED_AUTOS = YES_AGGRESSIVE;
				GCC_WARN_UNUSED_FUNCTION = YES;
				GCC_WARN_UNUSED_VARIABLE = YES;
				IPHONEOS_DEPLOYMENT_TARGET = 11.4;
				MTL_ENABLE_DEBUG_INFO = NO;
				SDKROOT = iphoneos;
				SWIFT_COMPILATION_MODE = wholemodule;
				SWIFT_OPTIMIZATION_LEVEL = "-O";
				VALIDATE_PRODUCT = YES;
			};
			name = Release;
		};
		49196CB8216DB2AD00F8A8BD /* Debug */ = {
			isa = XCBuildConfiguration;
			buildSettings = {
				ASSETCATALOG_COMPILER_APPICON_NAME = AppIcon;
				CODE_SIGN_STYLE = Automatic;
				INFOPLIST_FILE = cacculator/Info.plist;
				LD_RUNPATH_SEARCH_PATHS = (
					"$(inherited)",
					"@executable_path/Frameworks",
				);
				PRODUCT_BUNDLE_IDENTIFIER = devex.cacculator;
				PRODUCT_NAME = "$(TARGET_NAME)";
				SWIFT_VERSION = 4.0;
				TARGETED_DEVICE_FAMILY = "1,2";
			};
			name = Debug;
		};
		49196CB9216DB2AD00F8A8BD /* Release */ = {
			isa = XCBuildConfiguration;
			buildSettings = {
				ASSETCATALOG_COMPILER_APPICON_NAME = AppIcon;
				CODE_SIGN_STYLE = Automatic;
				INFOPLIST_FILE = cacculator/Info.plist;
				LD_RUNPATH_SEARCH_PATHS = (
					"$(inherited)",
					"@executable_path/Frameworks",
				);
				PRODUCT_BUNDLE_IDENTIFIER = devex.cacculator;
				PRODUCT_NAME = "$(TARGET_NAME)";
				SWIFT_VERSION = 4.0;
				TARGETED_DEVICE_FAMILY = "1,2";
			};
			name = Release;
		};
		49196CBB216DB2AD00F8A8BD /* Debug */ = {
			isa = XCBuildConfiguration;
			buildSettings = {
				ALWAYS_EMBED_SWIFT_STANDARD_LIBRARIES = YES;
				BUNDLE_LOADER = "$(TEST_HOST)";
				CODE_SIGN_STYLE = Automatic;
				INFOPLIST_FILE = cacculatorTests/Info.plist;
				LD_RUNPATH_SEARCH_PATHS = (
					"$(inherited)",
					"@executable_path/Frameworks",
					"@loader_path/Frameworks",
				);
				PRODUCT_BUNDLE_IDENTIFIER = devex.cacculatorTests;
				PRODUCT_NAME = "$(TARGET_NAME)";
				SWIFT_VERSION = 4.0;
				TARGETED_DEVICE_FAMILY = "1,2";
				TEST_HOST = "$(BUILT_PRODUCTS_DIR)/cacculator.app/cacculator";
			};
			name = Debug;
		};
		49196CBC216DB2AD00F8A8BD /* Release */ = {
			isa = XCBuildConfiguration;
			buildSettings = {
				ALWAYS_EMBED_SWIFT_STANDARD_LIBRARIES = YES;
				BUNDLE_LOADER = "$(TEST_HOST)";
				CODE_SIGN_STYLE = Automatic;
				INFOPLIST_FILE = cacculatorTests/Info.plist;
				LD_RUNPATH_SEARCH_PATHS = (
					"$(inherited)",
					"@executable_path/Frameworks",
					"@loader_path/Frameworks",
				);
				PRODUCT_BUNDLE_IDENTIFIER = devex.cacculatorTests;
				PRODUCT_NAME = "$(TARGET_NAME)";
				SWIFT_VERSION = 4.0;
				TARGETED_DEVICE_FAMILY = "1,2";
				TEST_HOST = "$(BUILT_PRODUCTS_DIR)/cacculator.app/cacculator";
			};
			name = Release;
		};
		49196CBE216DB2AD00F8A8BD /* Debug */ = {
			isa = XCBuildConfiguration;
			buildSettings = {
				ALWAYS_EMBED_SWIFT_STANDARD_LIBRARIES = YES;
				CODE_SIGN_STYLE = Automatic;
				INFOPLIST_FILE = cacculatorUITests/Info.plist;
				LD_RUNPATH_SEARCH_PATHS = (
					"$(inherited)",
					"@executable_path/Frameworks",
					"@loader_path/Frameworks",
				);
				PRODUCT_BUNDLE_IDENTIFIER = devex.cacculatorUITests;
				PRODUCT_NAME = "$(TARGET_NAME)";
				SWIFT_VERSION = 4.0;
				TARGETED_DEVICE_FAMILY = "1,2";
				TEST_TARGET_NAME = cacculator;
			};
			name = Debug;
		};
		49196CBF216DB2AD00F8A8BD /* Release */ = {
			isa = XCBuildConfiguration;
			buildSettings = {
				ALWAYS_EMBED_SWIFT_STANDARD_LIBRARIES = YES;
				CODE_SIGN_STYLE = Automatic;
				INFOPLIST_FILE = cacculatorUITests/Info.plist;
				LD_RUNPATH_SEARCH_PATHS = (
					"$(inherited)",
					"@executable_path/Frameworks",
					"@loader_path/Frameworks",
				);
				PRODUCT_BUNDLE_IDENTIFIER = devex.cacculatorUITests;
				PRODUCT_NAME = "$(TARGET_NAME)";
				SWIFT_VERSION = 4.0;
				TARGETED_DEVICE_FAMILY = "1,2";
				TEST_TARGET_NAME = cacculator;
			};
			name = Release;
		};
/* End XCBuildConfiguration section */

/* Begin XCConfigurationList section */
		49196C8A216DB2AB00F8A8BD /* Build configuration list for PBXProject "cacculator" */ = {
			isa = XCConfigurationList;
			buildConfigurations = (
				49196CB5216DB2AD00F8A8BD /* Debug */,
				49196CB6216DB2AD00F8A8BD /* Release */,
			);
			defaultConfigurationIsVisible = 0;
			defaultConfigurationName = Release;
		};
		49196CB7216DB2AD00F8A8BD /* Build configuration list for PBXNativeTarget "cacculator" */ = {
			isa = XCConfigurationList;
			buildConfigurations = (
				49196CB8216DB2AD00F8A8BD /* Debug */,
				49196CB9216DB2AD00F8A8BD /* Release */,
			);
			defaultConfigurationIsVisible = 0;
			defaultConfigurationName = Release;
		};
		49196CBA216DB2AD00F8A8BD /* Build configuration list for PBXNativeTarget "cacculatorTests" */ = {
			isa = XCConfigurationList;
			buildConfigurations = (
				49196CBB216DB2AD00F8A8BD /* Debug */,
				49196CBC216DB2AD00F8A8BD /* Release */,
			);
			defaultConfigurationIsVisible = 0;
			defaultConfigurationName = Release;
		};
		49196CBD216DB2AD00F8A8BD /* Build configuration list for PBXNativeTarget "cacculatorUITests" */ = {
			isa = XCConfigurationList;
			buildConfigurations = (
				49196CBE216DB2AD00F8A8BD /* Debug */,
				49196CBF216DB2AD00F8A8BD /* Release */,
			);
			defaultConfigurationIsVisible = 0;
			defaultConfigurationName = Release;
		};
/* End XCConfigurationList section */
	};
	rootObject = 49196C87216DB2AB00F8A8BD /* Project object */;
}
